
Microsoft Visual Studio Solution File, Format Version 12.00
# Visual Studio 2012
Project("{FAE04EC0-301F-11D3-BF4B-00C04F79EFBC}") = "mockroservices-dotnet", "mockroservices-dotnet\mockroservices-dotnet.csproj", "{28433CCD-248F-4410-8604-7027EF11E7F6}"
EndProject
Global
	GlobalSection(SolutionConfigurationPlatforms) = preSolution
		Debug|Any CPU = Debug|Any CPU
		Release|Any CPU = Release|Any CPU
	EndGlobalSection
	GlobalSection(ProjectConfigurationPlatforms) = postSolution
		{28433CCD-248F-4410-8604-7027EF11E7F6}.Debug|Any CPU.ActiveCfg = Debug|Any CPU
		{28433CCD-248F-4410-8604-7027EF11E7F6}.Debug|Any CPU.Build.0 = Debug|Any CPU
		{28433CCD-248F-4410-8604-7027EF11E7F6}.Release|Any CPU.ActiveCfg = Release|Any CPU
		{28433CCD-248F-4410-8604-7027EF11E7F6}.Release|Any CPU.Build.0 = Release|Any CPU
	EndGlobalSection
EndGlobal
